{
    "_meta": {
        "hash": {
            "sha256": "f1246f5a691fc5fca955313011d3ac03013a39512b3d5df949a3d7f41892f0de"
        },
        "pipfile-spec": 6,
        "requires": {
            "python_version": "3.5"
        },
        "sources": [
            {
                "name": "pypi",
                "url": "https://pypi.python.org/simple",
                "verify_ssl": true
            }
        ]
    },
    "default": {
        "certifi": {
            "hashes": [
                "sha256:1a4995114262bffbc2413b159f2a1a480c969de6e6eb13ee966d470af86af59c",
                "sha256:719a74fb9e33b9bd44cc7f3a8d94bc35e4049deebe19ba7d8e108280cfd59830"
            ],
            "version": "==2020.12.5"
        },
        "chardet": {
            "hashes": [
                "sha256:84ab92ed1c4d4f16916e05906b6b75a6c0fb5db821cc65e70cbd64a3e2a5eaae",
                "sha256:fc323ffcaeaed0e0a02bf4d117757b98aed530d9ed4531e3e15460124c106691"
            ],
            "version": "==3.0.4"
        },
        "e1839a8": {
            "editable": true,
            "path": "."
        },
        "gunicorn": {
            "hashes": [
                "sha256:e0a968b5ba15f8a328fdfd7ab1fcb5af4470c28aaf7e55df02a99bc13138e6e8"
            ],
            "version": "==20.1.0"
        },
        "idna": {
            "hashes": [
                "sha256:3cb5ce08046c4e3a560fc02f138d0ac63e00f8ce5901a56b32ec8b7994082aab",
                "sha256:cc19709fd6d0cbfed39ea875d29ba6d4e22c0cebc510a76d6302a28385e8bb70"
            ],
            "version": "==2.5"
        },
        "requests": {
            "hashes": [
                "sha256:73b4088c05f7fb5ca8e68651ed802df3ca40621281acf74bb321b4a8408aab7e",
                "sha256:eff227db5864238d44270cbadc8ac4133e69b69a2e7092b7b316ed1e4761cbd6"
            ],
            "index": "pypi",
            "version": "==2.17.0"
        },
        "urllib3": {
            "hashes": [
                "sha256:8ed6d5c1ff9d6ba84677310060d6a3a78ca3072ce0684cb3c645023009c114b1",
                "sha256:b14486978518ca0901a76ba973d7821047409d7f726f22156b24e83fd71382a5"
            ],
            "version": "==1.21.1"
        }
    },
    "develop": {
        "py": {
            "hashes": [
                "sha256:21b81bda15b66ef5e1a777a21c4dcd9c20ad3efd0b3f817e7a809035269e1bd3",
                "sha256:3b80836aa6d1feeaa108e046da6423ab8f6ceda6468545ae8d02d9d58d18818a"
            ],
            "index": "pypi",
            "version": "==1.10.0"
        },
        "pytest": {
            "hashes": [
                "sha256:27fa6617efc2869d3e969a3e75ec060375bfb28831ade8b5cdd68da3a741dc3c",
                "sha256:81a25f36a97da3313e1125fce9e7bbbba565bc7fec3c5beb14c262ddab238ac1"
            ],
            "index": "pypi",
            "version": "==3.2.3"
        }
    }
}
