{#
    This file has to be manually generated via `pipenv lock` for every
    new Python version. Just take Pipfile, generate Pipfile.lock and copy
    it to src/test/pipenv-test-app/<python_version>/Pipfile.lock.
    It's then included here ↓ when Pipfile.lock is generated by distgen.
#}
{% include "src/test/pipenv-test-app/" + spec.version + "/Pipfile.lock" %}
